
Microsoft Visual Studio Solution File, Format Version 12.00
# Visual Studio Version 16
VisualStudioVersion = 16.0.29509.3
MinimumVisualStudioVersion = 10.0.40219.1
Project("{9A19103F-16F7-4668-BE54-9A1E7A4F7556}") = "Secao3", "Primeiro\Secao3.csproj", "{4873B4D4-12C9-4DE9-BE76-ABA0242778A6}"
EndProject
Project("{2150E333-8FDC-42A3-9474-1A3956D46DE8}") = "Aulas", "Aulas", "{9AB2B55C-3A67-4A52-8DBE-F745C4EEE2FA}"
EndProject
Project("{9A19103F-16F7-4668-BE54-9A1E7A4F7556}") = "EntradaDados2", "EntradaDados2\EntradaDados2.csproj", "{4672B2A3-25B2-42CA-9C99-EB00D7A1D047}"
EndProject
Project("{2150E333-8FDC-42A3-9474-1A3956D46DE8}") = "Exercicios", "Exercicios", "{654BD9E2-48E7-4696-B12E-DF8678C8EFF3}"
EndProject
Project("{9A19103F-16F7-4668-BE54-9A1E7A4F7556}") = "Exercicio2", "Exercicio2\Exercicio2.csproj", "{2225D28F-75DE-420D-9978-5BF14472B280}"
EndProject
Project("{9A19103F-16F7-4668-BE54-9A1E7A4F7556}") = "EntradaSaida", "Exercicio1\EntradaSaida.csproj", "{C7F932BE-A953-46EC-A849-95583DF11FFD}"
EndProject
Project("{9A19103F-16F7-4668-BE54-9A1E7A4F7556}") = "CalcularRaio", "CalcularRaio\CalcularRaio.csproj", "{35E2B27B-11B8-416A-99B5-A00DAC20F2A2}"
EndProject
Project("{9A19103F-16F7-4668-BE54-9A1E7A4F7556}") = "Diferenca", "Diferenca\Diferenca.csproj", "{9871B3A5-AA70-4085-A268-E857599055D5}"
EndProject
Project("{9A19103F-16F7-4668-BE54-9A1E7A4F7556}") = "Funcionario", "Funcionario\Funcionario.csproj", "{DE9B4874-A5B1-4368-ACED-19502865FB59}"
EndProject
Project("{9A19103F-16F7-4668-BE54-9A1E7A4F7556}") = "Peca", "Peca\Peca.csproj", "{2581DE9C-3E50-42DA-8815-141A8B5E5B1E}"
EndProject
Project("{9A19103F-16F7-4668-BE54-9A1E7A4F7556}") = "Areas", "Areas\Areas.csproj", "{C9C5752D-003D-4491-A869-A2AF1C383FAA}"
EndProject
Project("{9A19103F-16F7-4668-BE54-9A1E7A4F7556}") = "IfElse1", "IfElse1\IfElse1.csproj", "{7F193998-FF7D-4BB6-AEDA-7A3A8620BBAB}"
EndProject
Project("{9A19103F-16F7-4668-BE54-9A1E7A4F7556}") = "IfElse2", "IfElse2\IfElse2.csproj", "{4967B071-D80B-4C98-8263-65B706D40C69}"
EndProject
Project("{9A19103F-16F7-4668-BE54-9A1E7A4F7556}") = "IfElse3", "IfElse3\IfElse3.csproj", "{52138314-2763-44E9-820E-6A4A854CDAAF}"
EndProject
Project("{9A19103F-16F7-4668-BE54-9A1E7A4F7556}") = "IfElse4", "IfElse4\IfElse4.csproj", "{BEF44CA0-C554-4EF3-B058-3BEC2821EC3B}"
EndProject
Project("{9A19103F-16F7-4668-BE54-9A1E7A4F7556}") = "IfElse5", "IfElse5\IfElse5.csproj", "{BA62B3EC-376A-40D4-ABBD-8FA3407B7980}"
EndProject
Project("{9A19103F-16F7-4668-BE54-9A1E7A4F7556}") = "IfElse6", "IfElse6\IfElse6.csproj", "{BC80AC04-1563-4B44-9E67-52371D36D304}"
EndProject
Project("{2150E333-8FDC-42A3-9474-1A3956D46DE8}") = "Classes", "Classes", "{1E3ACD5B-2AF1-4538-8E4D-BEBFF4205F88}"
EndProject
Project("{9A19103F-16F7-4668-BE54-9A1E7A4F7556}") = "ExercicioClasses1", "ExercicioClasses1\ExercicioClasses1.csproj", "{47708CAB-BBBA-4A4E-A213-8DBEFAE89EC6}"
EndProject
Project("{9A19103F-16F7-4668-BE54-9A1E7A4F7556}") = "ExercicioClasses2", "ExercicioClasses2\ExercicioClasses2.csproj", "{92C95A29-A000-457D-8FDE-52DFA795D0C3}"
EndProject
Project("{9A19103F-16F7-4668-BE54-9A1E7A4F7556}") = "Retangulo", "Retangulo\Retangulo.csproj", "{BEEE164C-25CD-4839-B5FB-612002E735FB}"
EndProject
Project("{9A19103F-16F7-4668-BE54-9A1E7A4F7556}") = "Notas", "Notas\Notas.csproj", "{47F93639-894A-4258-BCA2-AF43DC436F4B}"
EndProject
Project("{9A19103F-16F7-4668-BE54-9A1E7A4F7556}") = "MembrosEstaticos", "MembrosEstaticos\MembrosEstaticos.csproj", "{58C638B5-2C33-435F-B380-86E6DC4C809B}"
EndProject
Project("{9A19103F-16F7-4668-BE54-9A1E7A4F7556}") = "ExercicioEncapsulamento", "ExercicioEncapsulamento\ExercicioEncapsulamento.csproj", "{5BE8B856-727C-4CDD-92ED-9F35CF68B7A0}"
EndProject
Project("{9A19103F-16F7-4668-BE54-9A1E7A4F7556}") = "ExercicioVetores1", "ExercicioVetores1\ExercicioVetores1.csproj", "{9B1780B4-2C55-49A2-A8B4-C85EE9426AAC}"
EndProject
Project("{9A19103F-16F7-4668-BE54-9A1E7A4F7556}") = "ExercicioListas", "ExercicioListas\ExercicioListas.csproj", "{EE18F645-5E3E-45CC-8A7E-5DB5811E65B3}"
EndProject
Project("{2150E333-8FDC-42A3-9474-1A3956D46DE8}") = "If", "If", "{C1C1D49D-B2CE-4C0B-A4A9-190CCF555850}"
EndProject
Project("{2150E333-8FDC-42A3-9474-1A3956D46DE8}") = "PalavraEnum", "PalavraEnum", "{FBE9CB32-5FEF-468C-B8BD-2E42C7DD79AF}"
EndProject
Project("{9A19103F-16F7-4668-BE54-9A1E7A4F7556}") = "Enumeracoes", "Enumeracoes\Enumeracoes.csproj", "{C636DDA7-731B-4CEB-A990-DE5B91368979}"
EndProject
Project("{2150E333-8FDC-42A3-9474-1A3956D46DE8}") = "Composicao", "Composicao", "{F5F33C3A-497A-40BD-8E88-6F5D1C09BFED}"
EndProject
Project("{9A19103F-16F7-4668-BE54-9A1E7A4F7556}") = "ContratoSalario", "ContratoSalario\ContratoSalario.csproj", "{ED2CFC5F-FC6F-4999-92DD-C0F9BCCE24A2}"
EndProject
Project("{2150E333-8FDC-42A3-9474-1A3956D46DE8}") = "StringBuilder", "StringBuilder", "{C8C6D49C-32B6-49E9-B31D-2599A44E195F}"
EndProject
Project("{9A19103F-16F7-4668-BE54-9A1E7A4F7556}") = "PostComments", "PostComments\PostComments.csproj", "{298DD0C9-136D-4B92-A234-81758F1BCB14}"
EndProject
Project("{9A19103F-16F7-4668-BE54-9A1E7A4F7556}") = "ExercicioProposto", "ExercicioProposto\ExercicioProposto.csproj", "{945290A7-B1BA-47A0-9FCE-5C091C35BD78}"
EndProject
Project("{2150E333-8FDC-42A3-9474-1A3956D46DE8}") = "Polimorfismo", "Polimorfismo", "{3BD57A86-1807-4E10-9155-AE1F0B757099}"
EndProject
Project("{FAE04EC0-301F-11D3-BF4B-00C04F79EFBC}") = "ExercicioResolvido", "ExercicioResolvido\ExercicioResolvido.csproj", "{6E204DE3-1F2F-4C7E-8A21-302B1F9E423D}"
EndProject
Project("{FAE04EC0-301F-11D3-BF4B-00C04F79EFBC}") = "Produto", "Produto\Produto.csproj", "{058D76B5-1BEB-4EF6-A43D-E422DC12B17C}"
EndProject
Global
	GlobalSection(SolutionConfigurationPlatforms) = preSolution
		Debug|Any CPU = Debug|Any CPU
		Release|Any CPU = Release|Any CPU
	EndGlobalSection
	GlobalSection(ProjectConfigurationPlatforms) = postSolution
		{4873B4D4-12C9-4DE9-BE76-ABA0242778A6}.Debug|Any CPU.ActiveCfg = Debug|Any CPU
		{4873B4D4-12C9-4DE9-BE76-ABA0242778A6}.Debug|Any CPU.Build.0 = Debug|Any CPU
		{4873B4D4-12C9-4DE9-BE76-ABA0242778A6}.Release|Any CPU.ActiveCfg = Release|Any CPU
		{4873B4D4-12C9-4DE9-BE76-ABA0242778A6}.Release|Any CPU.Build.0 = Release|Any CPU
		{4672B2A3-25B2-42CA-9C99-EB00D7A1D047}.Debug|Any CPU.ActiveCfg = Debug|Any CPU
		{4672B2A3-25B2-42CA-9C99-EB00D7A1D047}.Debug|Any CPU.Build.0 = Debug|Any CPU
		{4672B2A3-25B2-42CA-9C99-EB00D7A1D047}.Release|Any CPU.ActiveCfg = Release|Any CPU
		{4672B2A3-25B2-42CA-9C99-EB00D7A1D047}.Release|Any CPU.Build.0 = Release|Any CPU
		{2225D28F-75DE-420D-9978-5BF14472B280}.Debug|Any CPU.ActiveCfg = Debug|Any CPU
		{2225D28F-75DE-420D-9978-5BF14472B280}.Debug|Any CPU.Build.0 = Debug|Any CPU
		{2225D28F-75DE-420D-9978-5BF14472B280}.Release|Any CPU.ActiveCfg = Release|Any CPU
		{2225D28F-75DE-420D-9978-5BF14472B280}.Release|Any CPU.Build.0 = Release|Any CPU
		{C7F932BE-A953-46EC-A849-95583DF11FFD}.Debug|Any CPU.ActiveCfg = Debug|Any CPU
		{C7F932BE-A953-46EC-A849-95583DF11FFD}.Debug|Any CPU.Build.0 = Debug|Any CPU
		{C7F932BE-A953-46EC-A849-95583DF11FFD}.Release|Any CPU.ActiveCfg = Release|Any CPU
		{C7F932BE-A953-46EC-A849-95583DF11FFD}.Release|Any CPU.Build.0 = Release|Any CPU
		{35E2B27B-11B8-416A-99B5-A00DAC20F2A2}.Debug|Any CPU.ActiveCfg = Debug|Any CPU
		{35E2B27B-11B8-416A-99B5-A00DAC20F2A2}.Debug|Any CPU.Build.0 = Debug|Any CPU
		{35E2B27B-11B8-416A-99B5-A00DAC20F2A2}.Release|Any CPU.ActiveCfg = Release|Any CPU
		{35E2B27B-11B8-416A-99B5-A00DAC20F2A2}.Release|Any CPU.Build.0 = Release|Any CPU
		{9871B3A5-AA70-4085-A268-E857599055D5}.Debug|Any CPU.ActiveCfg = Debug|Any CPU
		{9871B3A5-AA70-4085-A268-E857599055D5}.Debug|Any CPU.Build.0 = Debug|Any CPU
		{9871B3A5-AA70-4085-A268-E857599055D5}.Release|Any CPU.ActiveCfg = Release|Any CPU
		{9871B3A5-AA70-4085-A268-E857599055D5}.Release|Any CPU.Build.0 = Release|Any CPU
		{DE9B4874-A5B1-4368-ACED-19502865FB59}.Debug|Any CPU.ActiveCfg = Debug|Any CPU
		{DE9B4874-A5B1-4368-ACED-19502865FB59}.Debug|Any CPU.Build.0 = Debug|Any CPU
		{DE9B4874-A5B1-4368-ACED-19502865FB59}.Release|Any CPU.ActiveCfg = Release|Any CPU
		{DE9B4874-A5B1-4368-ACED-19502865FB59}.Release|Any CPU.Build.0 = Release|Any CPU
		{2581DE9C-3E50-42DA-8815-141A8B5E5B1E}.Debug|Any CPU.ActiveCfg = Debug|Any CPU
		{2581DE9C-3E50-42DA-8815-141A8B5E5B1E}.Debug|Any CPU.Build.0 = Debug|Any CPU
		{2581DE9C-3E50-42DA-8815-141A8B5E5B1E}.Release|Any CPU.ActiveCfg = Release|Any CPU
		{2581DE9C-3E50-42DA-8815-141A8B5E5B1E}.Release|Any CPU.Build.0 = Release|Any CPU
		{C9C5752D-003D-4491-A869-A2AF1C383FAA}.Debug|Any CPU.ActiveCfg = Debug|Any CPU
		{C9C5752D-003D-4491-A869-A2AF1C383FAA}.Debug|Any CPU.Build.0 = Debug|Any CPU
		{C9C5752D-003D-4491-A869-A2AF1C383FAA}.Release|Any CPU.ActiveCfg = Release|Any CPU
		{C9C5752D-003D-4491-A869-A2AF1C383FAA}.Release|Any CPU.Build.0 = Release|Any CPU
		{7F193998-FF7D-4BB6-AEDA-7A3A8620BBAB}.Debug|Any CPU.ActiveCfg = Debug|Any CPU
		{7F193998-FF7D-4BB6-AEDA-7A3A8620BBAB}.Debug|Any CPU.Build.0 = Debug|Any CPU
		{7F193998-FF7D-4BB6-AEDA-7A3A8620BBAB}.Release|Any CPU.ActiveCfg = Release|Any CPU
		{7F193998-FF7D-4BB6-AEDA-7A3A8620BBAB}.Release|Any CPU.Build.0 = Release|Any CPU
		{4967B071-D80B-4C98-8263-65B706D40C69}.Debug|Any CPU.ActiveCfg = Debug|Any CPU
		{4967B071-D80B-4C98-8263-65B706D40C69}.Debug|Any CPU.Build.0 = Debug|Any CPU
		{4967B071-D80B-4C98-8263-65B706D40C69}.Release|Any CPU.ActiveCfg = Release|Any CPU
		{4967B071-D80B-4C98-8263-65B706D40C69}.Release|Any CPU.Build.0 = Release|Any CPU
		{52138314-2763-44E9-820E-6A4A854CDAAF}.Debug|Any CPU.ActiveCfg = Debug|Any CPU
		{52138314-2763-44E9-820E-6A4A854CDAAF}.Debug|Any CPU.Build.0 = Debug|Any CPU
		{52138314-2763-44E9-820E-6A4A854CDAAF}.Release|Any CPU.ActiveCfg = Release|Any CPU
		{52138314-2763-44E9-820E-6A4A854CDAAF}.Release|Any CPU.Build.0 = Release|Any CPU
		{BEF44CA0-C554-4EF3-B058-3BEC2821EC3B}.Debug|Any CPU.ActiveCfg = Debug|Any CPU
		{BEF44CA0-C554-4EF3-B058-3BEC2821EC3B}.Debug|Any CPU.Build.0 = Debug|Any CPU
		{BEF44CA0-C554-4EF3-B058-3BEC2821EC3B}.Release|Any CPU.ActiveCfg = Release|Any CPU
		{BEF44CA0-C554-4EF3-B058-3BEC2821EC3B}.Release|Any CPU.Build.0 = Release|Any CPU
		{BA62B3EC-376A-40D4-ABBD-8FA3407B7980}.Debug|Any CPU.ActiveCfg = Debug|Any CPU
		{BA62B3EC-376A-40D4-ABBD-8FA3407B7980}.Debug|Any CPU.Build.0 = Debug|Any CPU
		{BA62B3EC-376A-40D4-ABBD-8FA3407B7980}.Release|Any CPU.ActiveCfg = Release|Any CPU
		{BA62B3EC-376A-40D4-ABBD-8FA3407B7980}.Release|Any CPU.Build.0 = Release|Any CPU
		{BC80AC04-1563-4B44-9E67-52371D36D304}.Debug|Any CPU.ActiveCfg = Debug|Any CPU
		{BC80AC04-1563-4B44-9E67-52371D36D304}.Debug|Any CPU.Build.0 = Debug|Any CPU
		{BC80AC04-1563-4B44-9E67-52371D36D304}.Release|Any CPU.ActiveCfg = Release|Any CPU
		{BC80AC04-1563-4B44-9E67-52371D36D304}.Release|Any CPU.Build.0 = Release|Any CPU
		{47708CAB-BBBA-4A4E-A213-8DBEFAE89EC6}.Debug|Any CPU.ActiveCfg = Debug|Any CPU
		{47708CAB-BBBA-4A4E-A213-8DBEFAE89EC6}.Debug|Any CPU.Build.0 = Debug|Any CPU
		{47708CAB-BBBA-4A4E-A213-8DBEFAE89EC6}.Release|Any CPU.ActiveCfg = Release|Any CPU
		{47708CAB-BBBA-4A4E-A213-8DBEFAE89EC6}.Release|Any CPU.Build.0 = Release|Any CPU
		{92C95A29-A000-457D-8FDE-52DFA795D0C3}.Debug|Any CPU.ActiveCfg = Debug|Any CPU
		{92C95A29-A000-457D-8FDE-52DFA795D0C3}.Debug|Any CPU.Build.0 = Debug|Any CPU
		{92C95A29-A000-457D-8FDE-52DFA795D0C3}.Release|Any CPU.ActiveCfg = Release|Any CPU
		{92C95A29-A000-457D-8FDE-52DFA795D0C3}.Release|Any CPU.Build.0 = Release|Any CPU
		{BEEE164C-25CD-4839-B5FB-612002E735FB}.Debug|Any CPU.ActiveCfg = Debug|Any CPU
		{BEEE164C-25CD-4839-B5FB-612002E735FB}.Debug|Any CPU.Build.0 = Debug|Any CPU
		{BEEE164C-25CD-4839-B5FB-612002E735FB}.Release|Any CPU.ActiveCfg = Release|Any CPU
		{BEEE164C-25CD-4839-B5FB-612002E735FB}.Release|Any CPU.Build.0 = Release|Any CPU
		{47F93639-894A-4258-BCA2-AF43DC436F4B}.Debug|Any CPU.ActiveCfg = Debug|Any CPU
		{47F93639-894A-4258-BCA2-AF43DC436F4B}.Debug|Any CPU.Build.0 = Debug|Any CPU
		{47F93639-894A-4258-BCA2-AF43DC436F4B}.Release|Any CPU.ActiveCfg = Release|Any CPU
		{47F93639-894A-4258-BCA2-AF43DC436F4B}.Release|Any CPU.Build.0 = Release|Any CPU
		{58C638B5-2C33-435F-B380-86E6DC4C809B}.Debug|Any CPU.ActiveCfg = Debug|Any CPU
		{58C638B5-2C33-435F-B380-86E6DC4C809B}.Debug|Any CPU.Build.0 = Debug|Any CPU
		{58C638B5-2C33-435F-B380-86E6DC4C809B}.Release|Any CPU.ActiveCfg = Release|Any CPU
		{58C638B5-2C33-435F-B380-86E6DC4C809B}.Release|Any CPU.Build.0 = Release|Any CPU
		{5BE8B856-727C-4CDD-92ED-9F35CF68B7A0}.Debug|Any CPU.ActiveCfg = Debug|Any CPU
		{5BE8B856-727C-4CDD-92ED-9F35CF68B7A0}.Debug|Any CPU.Build.0 = Debug|Any CPU
		{5BE8B856-727C-4CDD-92ED-9F35CF68B7A0}.Release|Any CPU.ActiveCfg = Release|Any CPU
		{5BE8B856-727C-4CDD-92ED-9F35CF68B7A0}.Release|Any CPU.Build.0 = Release|Any CPU
		{9B1780B4-2C55-49A2-A8B4-C85EE9426AAC}.Debug|Any CPU.ActiveCfg = Debug|Any CPU
		{9B1780B4-2C55-49A2-A8B4-C85EE9426AAC}.Debug|Any CPU.Build.0 = Debug|Any CPU
		{9B1780B4-2C55-49A2-A8B4-C85EE9426AAC}.Release|Any CPU.ActiveCfg = Release|Any CPU
		{9B1780B4-2C55-49A2-A8B4-C85EE9426AAC}.Release|Any CPU.Build.0 = Release|Any CPU
		{EE18F645-5E3E-45CC-8A7E-5DB5811E65B3}.Debug|Any CPU.ActiveCfg = Debug|Any CPU
		{EE18F645-5E3E-45CC-8A7E-5DB5811E65B3}.Debug|Any CPU.Build.0 = Debug|Any CPU
		{EE18F645-5E3E-45CC-8A7E-5DB5811E65B3}.Release|Any CPU.ActiveCfg = Release|Any CPU
		{EE18F645-5E3E-45CC-8A7E-5DB5811E65B3}.Release|Any CPU.Build.0 = Release|Any CPU
		{C636DDA7-731B-4CEB-A990-DE5B91368979}.Debug|Any CPU.ActiveCfg = Debug|Any CPU
		{C636DDA7-731B-4CEB-A990-DE5B91368979}.Debug|Any CPU.Build.0 = Debug|Any CPU
		{C636DDA7-731B-4CEB-A990-DE5B91368979}.Release|Any CPU.ActiveCfg = Release|Any CPU
		{C636DDA7-731B-4CEB-A990-DE5B91368979}.Release|Any CPU.Build.0 = Release|Any CPU
		{ED2CFC5F-FC6F-4999-92DD-C0F9BCCE24A2}.Debug|Any CPU.ActiveCfg = Debug|Any CPU
		{ED2CFC5F-FC6F-4999-92DD-C0F9BCCE24A2}.Debug|Any CPU.Build.0 = Debug|Any CPU
		{ED2CFC5F-FC6F-4999-92DD-C0F9BCCE24A2}.Release|Any CPU.ActiveCfg = Release|Any CPU
		{ED2CFC5F-FC6F-4999-92DD-C0F9BCCE24A2}.Release|Any CPU.Build.0 = Release|Any CPU
		{298DD0C9-136D-4B92-A234-81758F1BCB14}.Debug|Any CPU.ActiveCfg = Debug|Any CPU
		{298DD0C9-136D-4B92-A234-81758F1BCB14}.Debug|Any CPU.Build.0 = Debug|Any CPU
		{298DD0C9-136D-4B92-A234-81758F1BCB14}.Release|Any CPU.ActiveCfg = Release|Any CPU
		{298DD0C9-136D-4B92-A234-81758F1BCB14}.Release|Any CPU.Build.0 = Release|Any CPU
		{945290A7-B1BA-47A0-9FCE-5C091C35BD78}.Debug|Any CPU.ActiveCfg = Debug|Any CPU
		{945290A7-B1BA-47A0-9FCE-5C091C35BD78}.Debug|Any CPU.Build.0 = Debug|Any CPU
		{945290A7-B1BA-47A0-9FCE-5C091C35BD78}.Release|Any CPU.ActiveCfg = Release|Any CPU
		{945290A7-B1BA-47A0-9FCE-5C091C35BD78}.Release|Any CPU.Build.0 = Release|Any CPU
		{6E204DE3-1F2F-4C7E-8A21-302B1F9E423D}.Debug|Any CPU.ActiveCfg = Debug|Any CPU
		{6E204DE3-1F2F-4C7E-8A21-302B1F9E423D}.Debug|Any CPU.Build.0 = Debug|Any CPU
		{6E204DE3-1F2F-4C7E-8A21-302B1F9E423D}.Release|Any CPU.ActiveCfg = Release|Any CPU
		{6E204DE3-1F2F-4C7E-8A21-302B1F9E423D}.Release|Any CPU.Build.0 = Release|Any CPU
		{058D76B5-1BEB-4EF6-A43D-E422DC12B17C}.Debug|Any CPU.ActiveCfg = Debug|Any CPU
		{058D76B5-1BEB-4EF6-A43D-E422DC12B17C}.Debug|Any CPU.Build.0 = Debug|Any CPU
		{058D76B5-1BEB-4EF6-A43D-E422DC12B17C}.Release|Any CPU.ActiveCfg = Release|Any CPU
		{058D76B5-1BEB-4EF6-A43D-E422DC12B17C}.Release|Any CPU.Build.0 = Release|Any CPU
	EndGlobalSection
	GlobalSection(SolutionProperties) = preSolution
		HideSolutionNode = FALSE
	EndGlobalSection
	GlobalSection(NestedProjects) = preSolution
		{4873B4D4-12C9-4DE9-BE76-ABA0242778A6} = {654BD9E2-48E7-4696-B12E-DF8678C8EFF3}
		{4672B2A3-25B2-42CA-9C99-EB00D7A1D047} = {9AB2B55C-3A67-4A52-8DBE-F745C4EEE2FA}
		{2225D28F-75DE-420D-9978-5BF14472B280} = {654BD9E2-48E7-4696-B12E-DF8678C8EFF3}
		{C7F932BE-A953-46EC-A849-95583DF11FFD} = {654BD9E2-48E7-4696-B12E-DF8678C8EFF3}
		{35E2B27B-11B8-416A-99B5-A00DAC20F2A2} = {654BD9E2-48E7-4696-B12E-DF8678C8EFF3}
		{9871B3A5-AA70-4085-A268-E857599055D5} = {654BD9E2-48E7-4696-B12E-DF8678C8EFF3}
		{DE9B4874-A5B1-4368-ACED-19502865FB59} = {654BD9E2-48E7-4696-B12E-DF8678C8EFF3}
		{2581DE9C-3E50-42DA-8815-141A8B5E5B1E} = {654BD9E2-48E7-4696-B12E-DF8678C8EFF3}
		{C9C5752D-003D-4491-A869-A2AF1C383FAA} = {654BD9E2-48E7-4696-B12E-DF8678C8EFF3}
		{7F193998-FF7D-4BB6-AEDA-7A3A8620BBAB} = {C1C1D49D-B2CE-4C0B-A4A9-190CCF555850}
		{4967B071-D80B-4C98-8263-65B706D40C69} = {C1C1D49D-B2CE-4C0B-A4A9-190CCF555850}
		{52138314-2763-44E9-820E-6A4A854CDAAF} = {C1C1D49D-B2CE-4C0B-A4A9-190CCF555850}
		{BEF44CA0-C554-4EF3-B058-3BEC2821EC3B} = {C1C1D49D-B2CE-4C0B-A4A9-190CCF555850}
		{BA62B3EC-376A-40D4-ABBD-8FA3407B7980} = {C1C1D49D-B2CE-4C0B-A4A9-190CCF555850}
		{BC80AC04-1563-4B44-9E67-52371D36D304} = {C1C1D49D-B2CE-4C0B-A4A9-190CCF555850}
		{47708CAB-BBBA-4A4E-A213-8DBEFAE89EC6} = {1E3ACD5B-2AF1-4538-8E4D-BEBFF4205F88}
		{92C95A29-A000-457D-8FDE-52DFA795D0C3} = {1E3ACD5B-2AF1-4538-8E4D-BEBFF4205F88}
		{BEEE164C-25CD-4839-B5FB-612002E735FB} = {1E3ACD5B-2AF1-4538-8E4D-BEBFF4205F88}
		{47F93639-894A-4258-BCA2-AF43DC436F4B} = {1E3ACD5B-2AF1-4538-8E4D-BEBFF4205F88}
		{58C638B5-2C33-435F-B380-86E6DC4C809B} = {654BD9E2-48E7-4696-B12E-DF8678C8EFF3}
		{5BE8B856-727C-4CDD-92ED-9F35CF68B7A0} = {654BD9E2-48E7-4696-B12E-DF8678C8EFF3}
		{9B1780B4-2C55-49A2-A8B4-C85EE9426AAC} = {654BD9E2-48E7-4696-B12E-DF8678C8EFF3}
		{EE18F645-5E3E-45CC-8A7E-5DB5811E65B3} = {654BD9E2-48E7-4696-B12E-DF8678C8EFF3}
		{C1C1D49D-B2CE-4C0B-A4A9-190CCF555850} = {654BD9E2-48E7-4696-B12E-DF8678C8EFF3}
		{FBE9CB32-5FEF-468C-B8BD-2E42C7DD79AF} = {9AB2B55C-3A67-4A52-8DBE-F745C4EEE2FA}
		{C636DDA7-731B-4CEB-A990-DE5B91368979} = {FBE9CB32-5FEF-468C-B8BD-2E42C7DD79AF}
		{F5F33C3A-497A-40BD-8E88-6F5D1C09BFED} = {654BD9E2-48E7-4696-B12E-DF8678C8EFF3}
		{ED2CFC5F-FC6F-4999-92DD-C0F9BCCE24A2} = {F5F33C3A-497A-40BD-8E88-6F5D1C09BFED}
		{C8C6D49C-32B6-49E9-B31D-2599A44E195F} = {654BD9E2-48E7-4696-B12E-DF8678C8EFF3}
		{298DD0C9-136D-4B92-A234-81758F1BCB14} = {C8C6D49C-32B6-49E9-B31D-2599A44E195F}
		{945290A7-B1BA-47A0-9FCE-5C091C35BD78} = {F5F33C3A-497A-40BD-8E88-6F5D1C09BFED}
		{3BD57A86-1807-4E10-9155-AE1F0B757099} = {654BD9E2-48E7-4696-B12E-DF8678C8EFF3}
		{6E204DE3-1F2F-4C7E-8A21-302B1F9E423D} = {3BD57A86-1807-4E10-9155-AE1F0B757099}
		{058D76B5-1BEB-4EF6-A43D-E422DC12B17C} = {3BD57A86-1807-4E10-9155-AE1F0B757099}
	EndGlobalSection
	GlobalSection(ExtensibilityGlobals) = postSolution
		SolutionGuid = {465592BF-097D-4B1D-AD31-120E709763A2}
	EndGlobalSection
EndGlobal
